
Microsoft Visual Studio Solution File, Format Version 12.00
# Visual Studio 14
VisualStudioVersion = 14.0.23107.0
MinimumVisualStudioVersion = 10.0.40219.1
Project("{888888A0-9F3D-457C-B088-3A5042F75D52}") = "hidos", "hidos\hidos.pyproj", "{610B6EA4-E197-4695-B4AC-12B3346D07FB}"
EndProject
Global
	GlobalSection(SolutionConfigurationPlatforms) = preSolution
		Debug|Any CPU = Debug|Any CPU
		Release|Any CPU = Release|Any CPU
	EndGlobalSection
	GlobalSection(ProjectConfigurationPlatforms) = postSolution
		{610B6EA4-E197-4695-B4AC-12B3346D07FB}.Debug|Any CPU.ActiveCfg = Debug|Any CPU
		{610B6EA4-E197-4695-B4AC-12B3346D07FB}.Debug|Any CPU.Build.0 = Debug|Any CPU
		{610B6EA4-E197-4695-B4AC-12B3346D07FB}.Release|Any CPU.ActiveCfg = Release|Any CPU
		{610B6EA4-E197-4695-B4AC-12B3346D07FB}.Release|Any CPU.Build.0 = Release|Any CPU
	EndGlobalSection
	GlobalSection(SolutionProperties) = preSolution
		HideSolutionNode = FALSE
	EndGlobalSection
EndGlobal
